
Microsoft Visual Studio Solution File, Format Version 12.00
# Visual Studio Version 17
VisualStudioVersion = 17.0.31903.59
MinimumVisualStudioVersion = 10.0.40219.1
Project("{FAE04EC0-301F-11D3-BF4B-00C04F79EFBC}") = "FastGitBranchX64", "FastGitBranchX64\FastGitBranchX64.csproj", "{21821322-F7E6-4F83-8AFD-680E73F5DAB4}"
EndProject
Global
	GlobalSection(SolutionConfigurationPlatforms) = preSolution
		Debug|Any CPU = Debug|Any CPU
		Debug|x86 = Debug|x86
		Release|Any CPU = Release|Any CPU
		Release|x86 = Release|x86
	EndGlobalSection
	GlobalSection(ProjectConfigurationPlatforms) = postSolution
		{21821322-F7E6-4F83-8AFD-680E73F5DAB4}.Debug|Any CPU.ActiveCfg = Debug|Any CPU
		{21821322-F7E6-4F83-8AFD-680E73F5DAB4}.Debug|Any CPU.Build.0 = Debug|Any CPU
		{21821322-F7E6-4F83-8AFD-680E73F5DAB4}.Debug|x86.ActiveCfg = Debug|x86
		{21821322-F7E6-4F83-8AFD-680E73F5DAB4}.Debug|x86.Build.0 = Debug|x86
		{21821322-F7E6-4F83-8AFD-680E73F5DAB4}.Release|Any CPU.ActiveCfg = Release|Any CPU
		{21821322-F7E6-4F83-8AFD-680E73F5DAB4}.Release|Any CPU.Build.0 = Release|Any CPU
		{21821322-F7E6-4F83-8AFD-680E73F5DAB4}.Release|x86.ActiveCfg = Release|x86
		{21821322-F7E6-4F83-8AFD-680E73F5DAB4}.Release|x86.Build.0 = Release|x86
	EndGlobalSection
	GlobalSection(SolutionProperties) = preSolution
		HideSolutionNode = FALSE
	EndGlobalSection
	GlobalSection(ExtensibilityGlobals) = postSolution
		SolutionGuid = {C9BDFED4-8332-4BAC-AF32-5662B99E7A25}
	EndGlobalSection
EndGlobal
